
Microsoft Visual Studio Solution File, Format Version 12.00
# Visual Studio 15
VisualStudioVersion = 15.0.27428.2043
MinimumVisualStudioVersion = 10.0.40219.1
Project("{FAE04EC0-301F-11D3-BF4B-00C04F79EFBC}") = "BasketTest", "BasketTest\BasketTest.csproj", "{BC367B1F-A740-49C2-A913-B192BCBD7009}"
EndProject
Project("{FAE04EC0-301F-11D3-BF4B-00C04F79EFBC}") = "Basket", "Basket\Basket.csproj", "{C3984C21-A9AF-4F47-8E9D-54373F9DEEB9}"
EndProject
Global
	GlobalSection(SolutionConfigurationPlatforms) = preSolution
		Debug|Any CPU = Debug|Any CPU
		Release|Any CPU = Release|Any CPU
	EndGlobalSection
	GlobalSection(ProjectConfigurationPlatforms) = postSolution
		{BC367B1F-A740-49C2-A913-B192BCBD7009}.Debug|Any CPU.ActiveCfg = Debug|Any CPU
		{BC367B1F-A740-49C2-A913-B192BCBD7009}.Debug|Any CPU.Build.0 = Debug|Any CPU
		{BC367B1F-A740-49C2-A913-B192BCBD7009}.Release|Any CPU.ActiveCfg = Release|Any CPU
		{BC367B1F-A740-49C2-A913-B192BCBD7009}.Release|Any CPU.Build.0 = Release|Any CPU
		{C3984C21-A9AF-4F47-8E9D-54373F9DEEB9}.Debug|Any CPU.ActiveCfg = Debug|Any CPU
		{C3984C21-A9AF-4F47-8E9D-54373F9DEEB9}.Debug|Any CPU.Build.0 = Debug|Any CPU
		{C3984C21-A9AF-4F47-8E9D-54373F9DEEB9}.Release|Any CPU.ActiveCfg = Release|Any CPU
		{C3984C21-A9AF-4F47-8E9D-54373F9DEEB9}.Release|Any CPU.Build.0 = Release|Any CPU
	EndGlobalSection
	GlobalSection(SolutionProperties) = preSolution
		HideSolutionNode = FALSE
	EndGlobalSection
	GlobalSection(ExtensibilityGlobals) = postSolution
		SolutionGuid = {00E094F6-155E-4CA5-9930-6A8098F2893F}
	EndGlobalSection
EndGlobal
